
Microsoft Visual Studio Solution File, Format Version 12.00
Project("{FAE04EC0-301F-11D3-BF4B-00C04F79EFBC}") = "routine-explorer", "routine-explorer.csproj", "{56C9A0FE-D10F-4DA2-B26A-38CF3349F195}"
EndProject
Global
	GlobalSection(SolutionConfigurationPlatforms) = preSolution
		Debug|Any CPU = Debug|Any CPU
		Release|Any CPU = Release|Any CPU
	EndGlobalSection
	GlobalSection(ProjectConfigurationPlatforms) = postSolution
		{56C9A0FE-D10F-4DA2-B26A-38CF3349F195}.Debug|Any CPU.ActiveCfg = Debug|Any CPU
		{56C9A0FE-D10F-4DA2-B26A-38CF3349F195}.Debug|Any CPU.Build.0 = Debug|Any CPU
		{56C9A0FE-D10F-4DA2-B26A-38CF3349F195}.Release|Any CPU.ActiveCfg = Release|Any CPU
		{56C9A0FE-D10F-4DA2-B26A-38CF3349F195}.Release|Any CPU.Build.0 = Release|Any CPU
	EndGlobalSection
EndGlobal
